{
  "nodes": {
    "flake-utils": {
      "locked": {
        "lastModified": 1656928814,
        "narHash": "sha256-RIFfgBuKz6Hp89yRr7+NR5tzIAbn52h8vT6vXkYjZoM=",
        "owner": "numtide",
        "repo": "flake-utils",
        "rev": "7e2a3b3dfd9af950a856d66b0a7d01e3c18aa249",
        "type": "github"
      },
      "original": {
        "owner": "numtide",
        "repo": "flake-utils",
        "type": "github"
      }
    },
    "nixpkgs": {
      "locked": {
        "lastModified": 1657888067,
        "narHash": "sha256-GnwJoFBTPfW3+mz7QEeJEEQ9OMHZOiIJ/qDhZxrlKh8=",
        "owner": "NixOS",
        "repo": "nixpkgs",
        "rev": "65fae659e31098ca4ac825a6fef26d890aaf3f4e",
        "type": "github"
      },
      "original": {
        "id": "nixpkgs",
        "ref": "nixpkgs-unstable",
        "type": "indirect"
      }
    },
    "root": {
      "inputs": {
        "flake-utils": "flake-utils",
        "nixpkgs": "nixpkgs",
        "zig": "zig"
      }
    },
    "zig": {
      "flake": false,
      "locked": {
        "lastModified": 1657964005,
        "narHash": "sha256-3d08UiHwi71SG/wH+QYXOrkPnJOqsPuLjbx67wDx6XI=",
        "owner": "ziglang",
        "repo": "zig",
        "rev": "9c66fdadc709ca4c00b08aa8fa4dc6312cb559c3",
        "type": "github"
      },
      "original": {
        "owner": "ziglang",
        "repo": "zig",
        "type": "github"
      }
    }
  },
  "root": "root",
  "version": 7
}
